
Microsoft Visual Studio Solution File, Format Version 12.00
# Visual Studio 15
VisualStudioVersion = 15.0.27130.2027
MinimumVisualStudioVersion = 10.0.40219.1
Project("{8BC9CEB8-8B4A-11D0-8D11-00A0C91BC942}") = "HorseLoader", "HorseLoader\HorseLoader.vcxproj", "{88ADCD7B-79CA-479A-88F6-6567B9123FE0}"
EndProject
Project("{8BC9CEB8-8B4A-11D0-8D11-00A0C91BC942}") = "HorseOS", "HorseOS\HorseOS.vcxproj", "{2DA3BAB7-F59E-4765-8F7D-209E17836491}"
EndProject
Global
	GlobalSection(SolutionConfigurationPlatforms) = preSolution
		Debug|x64 = Debug|x64
		Release|x64 = Release|x64
	EndGlobalSection
	GlobalSection(ProjectConfigurationPlatforms) = postSolution
		{88ADCD7B-79CA-479A-88F6-6567B9123FE0}.Debug|x64.ActiveCfg = Debug|x64
		{88ADCD7B-79CA-479A-88F6-6567B9123FE0}.Debug|x64.Build.0 = Debug|x64
		{88ADCD7B-79CA-479A-88F6-6567B9123FE0}.Release|x64.ActiveCfg = Release|x64
		{88ADCD7B-79CA-479A-88F6-6567B9123FE0}.Release|x64.Build.0 = Release|x64
		{2DA3BAB7-F59E-4765-8F7D-209E17836491}.Debug|x64.ActiveCfg = Debug|x64
		{2DA3BAB7-F59E-4765-8F7D-209E17836491}.Debug|x64.Build.0 = Debug|x64
		{2DA3BAB7-F59E-4765-8F7D-209E17836491}.Release|x64.ActiveCfg = Release|x64
		{2DA3BAB7-F59E-4765-8F7D-209E17836491}.Release|x64.Build.0 = Release|x64
	EndGlobalSection
	GlobalSection(SolutionProperties) = preSolution
		HideSolutionNode = FALSE
	EndGlobalSection
	GlobalSection(ExtensibilityGlobals) = postSolution
		SolutionGuid = {1CFEBADF-95EF-40C3-94EB-FABE4BBD4EF0}
	EndGlobalSection
EndGlobal
